<?xml version="1.0" encoding="utf-8"?>
<Project ToolsVersion="4.0" xmlns="http://schemas.microsoft.com/developer/msbuild/2003">
  <ItemGroup>
    <Filter Include="Source Files">
      <UniqueIdentifier>{4FC737F1-C7A5-4376-A066-2A32D752A2FF}</UniqueIdentifier>
      <Extensions>cpp;c;cc;cxx;c++;cppm;ixx;def;odl;idl;hpj;bat;asm;asmx</Extensions>
    </Filter>
    <Filter Include="Header Files">
      <UniqueIdentifier>{93995380-89BD-4b04-88EB-625FBE52EBFB}</UniqueIdentifier>
      <Extensions>h;hh;hpp;hxx;h++;hm;inl;inc;ipp;xsd</Extensions>
    </Filter>
    <Filter Include="Resource Files">
      <UniqueIdentifier>{67DA6AB6-F800-4c08-8B7A-83BB121AAD01}</UniqueIdentifier>
      <Extensions>rc;ico;cur;bmp;dlg;rc2;rct;bin;rgs;gif;jpg;jpeg;jpe;resx;tiff;tif;png;wav;mfcribbon-ms</Extensions>
    </Filter>
  </ItemGroup>
  <ItemGroup>
    <ClCompile Include="System\ConsoleManip.cpp">
      <Filter>Source Files</Filter>
    </ClCompile>
    <ClCompile Include="System\Log.cpp">
      <Filter>Source Files</Filter>
    </ClCompile>
    <ClCompile Include="Graphics\Window.cpp">
      <Filter>Source Files</Filter>
    </ClCompile>
    <ClCompile Include="BlackBoxManager.cpp">
      <Filter>Source Files</Filter>
    </ClCompile>
    <ClCompile Include="Graphics\Renderer.cpp">
      <Filter>Source Files</Filter>
    </ClCompile>
    <ClCompile Include="Graphics\Texture.cpp">
      <Filter>Source Files</Filter>
    </ClCompile>
    <ClCompile Include="Graphics\RenderingStructs.h">
      <Filter>Source Files</Filter>
    </ClCompile>
    <ClCompile Include="Resources\TextureFactory.cpp">
      <Filter>Source Files</Filter>
    </ClCompile>
    <ClCompile Include="Actors\Actor.cpp">
      <Filter>Source Files</Filter>
    </ClCompile>
    <ClCompile Include="Actors\EngineComponents\TransformComponent.h">
      <Filter>Source Files</Filter>
    </ClCompile>
    <ClCompile Include="Actors\EngineComponents\SpriteComponent.cpp">
      <Filter>Source Files</Filter>
    </ClCompile>
    <ClCompile Include="Actors\ActorManager.cpp">
      <Filter>Source Files</Filter>
    </ClCompile>
    <ClCompile Include="Input\InputManager.cpp">
      <Filter>Source Files</Filter>
    </ClCompile>
    <ClCompile Include="Input\KeyCodes.h">
      <Filter>Source Files</Filter>
    </ClCompile>
    <ClCompile Include="Input\KeyCodes.cpp">
      <Filter>Source Files</Filter>
    </ClCompile>
    <ClCompile Include="Math\FVector2.cpp">
      <Filter>Source Files</Filter>
    </ClCompile>
    <ClCompile Include="Actors\EngineComponents\TransformComponent.cpp">
      <Filter>Source Files</Filter>
    </ClCompile>
    <ClCompile Include="Actors\ComponentFactory.cpp">
      <Filter>Source Files</Filter>
    </ClCompile>
    <ClCompile Include="System\SimpleTimingSystem.cpp">
      <Filter>Source Files</Filter>
    </ClCompile>
    <ClCompile Include="System\MessageManager.cpp">
      <Filter>Source Files</Filter>
    </ClCompile>
    <ClCompile Include="Actors\Collision\CollisionManager.cpp">
      <Filter>Source Files</Filter>
    </ClCompile>
    <ClCompile Include="Actors\Collision\AABBColliderComponent.cpp">
      <Filter>Source Files</Filter>
    </ClCompile>
    <ClCompile Include="Actors\Collision\BoundingBox.cpp">
      <Filter>Source Files</Filter>
    </ClCompile>
    <ClCompile Include="Resources\ResourceManager.cpp">
      <Filter>Source Files</Filter>
    </ClCompile>
    <ClCompile Include="Resources\XML\XMLFactory.cpp">
      <Filter>Source Files</Filter>
    </ClCompile>
    <ClCompile Include="Resources\XML\BlackBoxXMLParser.cpp">
      <Filter>Source Files</Filter>
    </ClCompile>
    <ClCompile Include="Resources\XML\tinyxml2.cpp">
      <Filter>Source Files</Filter>
    </ClCompile>
    <ClCompile Include="Actors\EngineComponents\MoverComponent.cpp">
      <Filter>Source Files</Filter>
    </ClCompile>
    <ClCompile Include="Actors\EngineComponents\MovementBlocker.cpp">
      <Filter>Source Files</Filter>
    </ClCompile>
    <ClCompile Include="Actors\Collision\ColliderBorder.cpp">
      <Filter>Source Files</Filter>
    </ClCompile>
    <ClCompile Include="Actors\EngineComponents\ColliderDebugRenderer.h">
      <Filter>Source Files</Filter>
    </ClCompile>
    <ClCompile Include="Actors\EngineComponents\ColliderDebugRenderer.cpp">
      <Filter>Source Files</Filter>
    </ClCompile>
    <ClCompile Include="Resources\ScriptResources\ScriptFactory.cpp">
      <Filter>Source Files</Filter>
    </ClCompile>
    <ClCompile Include="Actors\EngineComponents\LuaScriptComponent.cpp">
      <Filter>Source Files</Filter>
    </ClCompile>
    <ClCompile Include="Graphics\Text Rendering\TextRenderer.cpp">
      <Filter>Source Files</Filter>
    </ClCompile>
    <ClCompile Include="Scripting\LuaController.cpp">
      <Filter>Source Files</Filter>
    </ClCompile>
    <ClCompile Include="Graphics\Text Rendering\Font.cpp">
      <Filter>Source Files</Filter>
    </ClCompile>
    <ClCompile Include="Resources\TextFactory.cpp">
      <Filter>Source Files</Filter>
    </ClCompile>
    <ClCompile Include="Graphics\Text Rendering\Text.cpp">
      <Filter>Source Files</Filter>
    </ClCompile>
    <ClCompile Include="Actors\EngineComponents\SimpleTextComponent.cpp">
      <Filter>Source Files</Filter>
    </ClCompile>
    <ClCompile Include="Audio\AudioManager.cpp">
      <Filter>Source Files</Filter>
    </ClCompile>
    <ClCompile Include="Graphics\Camera.cpp">
      <Filter>Source Files</Filter>
    </ClCompile>
    <ClCompile Include="Graphics\RenderingStructs.cpp">
      <Filter>Source Files</Filter>
    </ClCompile>
    <ClCompile Include="Actors\EngineComponents\PlayerCameraComponent.cpp">
      <Filter>Source Files</Filter>
    </ClCompile>
    <ClCompile Include="Math\Random.cpp">
      <Filter>Source Files</Filter>
    </ClCompile>
    <ClCompile Include="Math\RandomEngines.cpp">
      <Filter>Source Files</Filter>
    </ClCompile>
    <ClCompile Include="System\Delay.cpp">
      <Filter>Source Files</Filter>
    </ClCompile>
    <ClCompile Include="System\Direction.cpp">
      <Filter>Source Files</Filter>
    </ClCompile>
    <ClCompile Include="Interface\UserInterface.cpp">
      <Filter>Source Files</Filter>
    </ClCompile>
    <ClCompile Include="Interface\InterfaceButton.cpp">
      <Filter>Source Files</Filter>
    </ClCompile>
    <ClCompile Include="Interface\InterfaceText.cpp">
      <Filter>Source Files</Filter>
    </ClCompile>
    <ClCompile Include="Interface\InterfaceManger.cpp">
      <Filter>Source Files</Filter>
    </ClCompile>
    <ClCompile Include="libraries\Lua-4.5.7\src\luac.c">
      <Filter>Source Files</Filter>
    </ClCompile>
    <ClCompile Include="libraries\Lua-4.5.7\src\lapi.c">
      <Filter>Source Files</Filter>
    </ClCompile>
    <ClCompile Include="libraries\Lua-4.5.7\src\lauxlib.c">
      <Filter>Source Files</Filter>
    </ClCompile>
    <ClCompile Include="libraries\Lua-4.5.7\src\lbaselib.c">
      <Filter>Source Files</Filter>
    </ClCompile>
    <ClCompile Include="libraries\Lua-4.5.7\src\lcode.c">
      <Filter>Source Files</Filter>
    </ClCompile>
    <ClCompile Include="libraries\Lua-4.5.7\src\lcorolib.c">
      <Filter>Source Files</Filter>
    </ClCompile>
    <ClCompile Include="libraries\Lua-4.5.7\src\lctype.c">
      <Filter>Source Files</Filter>
    </ClCompile>
    <ClCompile Include="libraries\Lua-4.5.7\src\ldblib.c">
      <Filter>Source Files</Filter>
    </ClCompile>
    <ClCompile Include="libraries\Lua-4.5.7\src\ldebug.c">
      <Filter>Source Files</Filter>
    </ClCompile>
    <ClCompile Include="libraries\Lua-4.5.7\src\ldo.c">
      <Filter>Source Files</Filter>
    </ClCompile>
    <ClCompile Include="libraries\Lua-4.5.7\src\ldump.c">
      <Filter>Source Files</Filter>
    </ClCompile>
    <ClCompile Include="libraries\Lua-4.5.7\src\lfunc.c">
      <Filter>Source Files</Filter>
    </ClCompile>
    <ClCompile Include="libraries\Lua-4.5.7\src\lgc.c">
      <Filter>Source Files</Filter>
    </ClCompile>
    <ClCompile Include="libraries\Lua-4.5.7\src\linit.c">
      <Filter>Source Files</Filter>
    </ClCompile>
    <ClCompile Include="libraries\Lua-4.5.7\src\liolib.c">
      <Filter>Source Files</Filter>
    </ClCompile>
    <ClCompile Include="libraries\Lua-4.5.7\src\llex.c">
      <Filter>Source Files</Filter>
    </ClCompile>
    <ClCompile Include="libraries\Lua-4.5.7\src\lmathlib.c">
      <Filter>Source Files</Filter>
    </ClCompile>
    <ClCompile Include="libraries\Lua-4.5.7\src\lmem.c">
      <Filter>Source Files</Filter>
    </ClCompile>
    <ClCompile Include="libraries\Lua-4.5.7\src\loadlib.c">
      <Filter>Source Files</Filter>
    </ClCompile>
    <ClCompile Include="libraries\Lua-4.5.7\src\lobject.c">
      <Filter>Source Files</Filter>
    </ClCompile>
    <ClCompile Include="libraries\Lua-4.5.7\src\lopcodes.c">
      <Filter>Source Files</Filter>
    </ClCompile>
    <ClCompile Include="libraries\Lua-4.5.7\src\loslib.c">
      <Filter>Source Files</Filter>
    </ClCompile>
    <ClCompile Include="libraries\Lua-4.5.7\src\lparser.c">
      <Filter>Source Files</Filter>
    </ClCompile>
    <ClCompile Include="libraries\Lua-4.5.7\src\lstate.c">
      <Filter>Source Files</Filter>
    </ClCompile>
    <ClCompile Include="libraries\Lua-4.5.7\src\lstring.c">
      <Filter>Source Files</Filter>
    </ClCompile>
    <ClCompile Include="libraries\Lua-4.5.7\src\lstrlib.c">
      <Filter>Source Files</Filter>
    </ClCompile>
    <ClCompile Include="libraries\Lua-4.5.7\src\ltable.c">
      <Filter>Source Files</Filter>
    </ClCompile>
    <ClCompile Include="libraries\Lua-4.5.7\src\ltablib.c">
      <Filter>Source Files</Filter>
    </ClCompile>
    <ClCompile Include="libraries\Lua-4.5.7\src\ltm.c">
      <Filter>Source Files</Filter>
    </ClCompile>
    <ClCompile Include="libraries\Lua-4.5.7\src\lua.c">
      <Filter>Source Files</Filter>
    </ClCompile>
    <ClCompile Include="libraries\Lua-4.5.7\src\lundump.c">
      <Filter>Source Files</Filter>
    </ClCompile>
    <ClCompile Include="libraries\Lua-4.5.7\src\lutf8lib.c">
      <Filter>Source Files</Filter>
    </ClCompile>
    <ClCompile Include="libraries\Lua-4.5.7\src\lvm.c">
      <Filter>Source Files</Filter>
    </ClCompile>
    <ClCompile Include="libraries\Lua-4.5.7\src\lzio.c">
      <Filter>Source Files</Filter>
    </ClCompile>
    <ClCompile Include="Interface\InterfaceTexture.cpp">
      <Filter>Source Files</Filter>
    </ClCompile>
    <ClCompile Include="Graphics\Sprite.cpp">
      <Filter>Source Files</Filter>
    </ClCompile>
    <ClCompile Include="Graphics\ScreenFader.cpp">
      <Filter>Source Files</Filter>
    </ClCompile>
    <ClCompile Include="Math\Noise\NoiseGenerator.cpp">
      <Filter>Source Files</Filter>
    </ClCompile>
    <ClCompile Include="Math\Noise\OpenSimplex.cpp">
      <Filter>Source Files</Filter>
    </ClCompile>
    <ClCompile Include="Math\Noise\PerlinNoise.cpp">
      <Filter>Source Files</Filter>
    </ClCompile>
    <ClCompile Include="Math\Noise\SmoothStep.cpp">
      <Filter>Source Files</Filter>
    </ClCompile>
    <ClCompile Include="Math\Noise\ValueNoise.cpp">
      <Filter>Source Files</Filter>
    </ClCompile>
    <ClCompile Include="Audio\AudioPlayerComponent.cpp">
      <Filter>Source Files</Filter>
    </ClCompile>
  </ItemGroup>
  <ItemGroup>
    <ClInclude Include="System\ConsoleManip.h">
      <Filter>Header Files</Filter>
    </ClInclude>
    <ClInclude Include="System\Log.h">
      <Filter>Header Files</Filter>
    </ClInclude>
    <ClInclude Include="Graphics\Window.h">
      <Filter>Header Files</Filter>
    </ClInclude>
    <ClInclude Include="BlackBoxManager.h">
      <Filter>Header Files</Filter>
    </ClInclude>
    <ClInclude Include="Graphics\Renderer.h">
      <Filter>Header Files</Filter>
    </ClInclude>
    <ClInclude Include="Graphics\Color.h">
      <Filter>Header Files</Filter>
    </ClInclude>
    <ClInclude Include="Graphics\Texture.h">
      <Filter>Header Files</Filter>
    </ClInclude>
    <ClInclude Include="Resources\TextureFactory.h">
      <Filter>Header Files</Filter>
    </ClInclude>
    <ClInclude Include="System\StringHash.h">
      <Filter>Header Files</Filter>
    </ClInclude>
    <ClInclude Include="Math\Random.h">
      <Filter>Header Files</Filter>
    </ClInclude>
    <ClInclude Include="Math\NumericalConcepts.h">
      <Filter>Header Files</Filter>
    </ClInclude>
    <ClInclude Include="Actors\Actor.h">
      <Filter>Header Files</Filter>
    </ClInclude>
    <ClInclude Include="Actors\Component.h">
      <Filter>Header Files</Filter>
    </ClInclude>
    <ClInclude Include="Actors\EngineComponents\SpriteComponent.h">
      <Filter>Header Files</Filter>
    </ClInclude>
    <ClInclude Include="Actors\ActorManager.h">
      <Filter>Header Files</Filter>
    </ClInclude>
    <ClInclude Include="Input\InputManager.h">
      <Filter>Header Files</Filter>
    </ClInclude>
    <ClInclude Include="System\Observer.h">
      <Filter>Header Files</Filter>
    </ClInclude>
    <ClInclude Include="libraries\SDL3-3.2.4\include\SDL3\SDL.h">
      <Filter>Header Files</Filter>
    </ClInclude>
    <ClInclude Include="libraries\SDL3-3.2.4\include\SDL3\SDL_assert.h">
      <Filter>Header Files</Filter>
    </ClInclude>
    <ClInclude Include="libraries\SDL3-3.2.4\include\SDL3\SDL_asyncio.h">
      <Filter>Header Files</Filter>
    </ClInclude>
    <ClInclude Include="libraries\SDL3-3.2.4\include\SDL3\SDL_atomic.h">
      <Filter>Header Files</Filter>
    </ClInclude>
    <ClInclude Include="libraries\SDL3-3.2.4\include\SDL3\SDL_audio.h">
      <Filter>Header Files</Filter>
    </ClInclude>
    <ClInclude Include="libraries\SDL3-3.2.4\include\SDL3\SDL_begin_code.h">
      <Filter>Header Files</Filter>
    </ClInclude>
    <ClInclude Include="libraries\SDL3-3.2.4\include\SDL3\SDL_bits.h">
      <Filter>Header Files</Filter>
    </ClInclude>
    <ClInclude Include="libraries\SDL3-3.2.4\include\SDL3\SDL_blendmode.h">
      <Filter>Header Files</Filter>
    </ClInclude>
    <ClInclude Include="libraries\SDL3-3.2.4\include\SDL3\SDL_camera.h">
      <Filter>Header Files</Filter>
    </ClInclude>
    <ClInclude Include="libraries\SDL3-3.2.4\include\SDL3\SDL_clipboard.h">
      <Filter>Header Files</Filter>
    </ClInclude>
    <ClInclude Include="libraries\SDL3-3.2.4\include\SDL3\SDL_close_code.h">
      <Filter>Header Files</Filter>
    </ClInclude>
    <ClInclude Include="libraries\SDL3-3.2.4\include\SDL3\SDL_copying.h">
      <Filter>Header Files</Filter>
    </ClInclude>
    <ClInclude Include="libraries\SDL3-3.2.4\include\SDL3\SDL_cpuinfo.h">
      <Filter>Header Files</Filter>
    </ClInclude>
    <ClInclude Include="libraries\SDL3-3.2.4\include\SDL3\SDL_dialog.h">
      <Filter>Header Files</Filter>
    </ClInclude>
    <ClInclude Include="libraries\SDL3-3.2.4\include\SDL3\SDL_egl.h">
      <Filter>Header Files</Filter>
    </ClInclude>
    <ClInclude Include="libraries\SDL3-3.2.4\include\SDL3\SDL_endian.h">
      <Filter>Header Files</Filter>
    </ClInclude>
    <ClInclude Include="libraries\SDL3-3.2.4\include\SDL3\SDL_error.h">
      <Filter>Header Files</Filter>
    </ClInclude>
    <ClInclude Include="libraries\SDL3-3.2.4\include\SDL3\SDL_events.h">
      <Filter>Header Files</Filter>
    </ClInclude>
    <ClInclude Include="libraries\SDL3-3.2.4\include\SDL3\SDL_filesystem.h">
      <Filter>Header Files</Filter>
    </ClInclude>
    <ClInclude Include="libraries\SDL3-3.2.4\include\SDL3\SDL_gamepad.h">
      <Filter>Header Files</Filter>
    </ClInclude>
    <ClInclude Include="libraries\SDL3-3.2.4\include\SDL3\SDL_gpu.h">
      <Filter>Header Files</Filter>
    </ClInclude>
    <ClInclude Include="libraries\SDL3-3.2.4\include\SDL3\SDL_guid.h">
      <Filter>Header Files</Filter>
    </ClInclude>
    <ClInclude Include="libraries\SDL3-3.2.4\include\SDL3\SDL_haptic.h">
      <Filter>Header Files</Filter>
    </ClInclude>
    <ClInclude Include="libraries\SDL3-3.2.4\include\SDL3\SDL_hidapi.h">
      <Filter>Header Files</Filter>
    </ClInclude>
    <ClInclude Include="libraries\SDL3-3.2.4\include\SDL3\SDL_hints.h">
      <Filter>Header Files</Filter>
    </ClInclude>
    <ClInclude Include="libraries\SDL3-3.2.4\include\SDL3\SDL_init.h">
      <Filter>Header Files</Filter>
    </ClInclude>
    <ClInclude Include="libraries\SDL3-3.2.4\include\SDL3\SDL_intrin.h">
      <Filter>Header Files</Filter>
    </ClInclude>
    <ClInclude Include="libraries\SDL3-3.2.4\include\SDL3\SDL_iostream.h">
      <Filter>Header Files</Filter>
    </ClInclude>
    <ClInclude Include="libraries\SDL3-3.2.4\include\SDL3\SDL_joystick.h">
      <Filter>Header Files</Filter>
    </ClInclude>
    <ClInclude Include="libraries\SDL3-3.2.4\include\SDL3\SDL_keyboard.h">
      <Filter>Header Files</Filter>
    </ClInclude>
    <ClInclude Include="libraries\SDL3-3.2.4\include\SDL3\SDL_keycode.h">
      <Filter>Header Files</Filter>
    </ClInclude>
    <ClInclude Include="libraries\SDL3-3.2.4\include\SDL3\SDL_loadso.h">
      <Filter>Header Files</Filter>
    </ClInclude>
    <ClInclude Include="libraries\SDL3-3.2.4\include\SDL3\SDL_locale.h">
      <Filter>Header Files</Filter>
    </ClInclude>
    <ClInclude Include="libraries\SDL3-3.2.4\include\SDL3\SDL_log.h">
      <Filter>Header Files</Filter>
    </ClInclude>
    <ClInclude Include="libraries\SDL3-3.2.4\include\SDL3\SDL_main.h">
      <Filter>Header Files</Filter>
    </ClInclude>
    <ClInclude Include="libraries\SDL3-3.2.4\include\SDL3\SDL_main_impl.h">
      <Filter>Header Files</Filter>
    </ClInclude>
    <ClInclude Include="libraries\SDL3-3.2.4\include\SDL3\SDL_messagebox.h">
      <Filter>Header Files</Filter>
    </ClInclude>
    <ClInclude Include="libraries\SDL3-3.2.4\include\SDL3\SDL_metal.h">
      <Filter>Header Files</Filter>
    </ClInclude>
    <ClInclude Include="libraries\SDL3-3.2.4\include\SDL3\SDL_misc.h">
      <Filter>Header Files</Filter>
    </ClInclude>
    <ClInclude Include="libraries\SDL3-3.2.4\include\SDL3\SDL_mouse.h">
      <Filter>Header Files</Filter>
    </ClInclude>
    <ClInclude Include="libraries\SDL3-3.2.4\include\SDL3\SDL_mutex.h">
      <Filter>Header Files</Filter>
    </ClInclude>
    <ClInclude Include="libraries\SDL3-3.2.4\include\SDL3\SDL_oldnames.h">
      <Filter>Header Files</Filter>
    </ClInclude>
    <ClInclude Include="libraries\SDL3-3.2.4\include\SDL3\SDL_opengl.h">
      <Filter>Header Files</Filter>
    </ClInclude>
    <ClInclude Include="libraries\SDL3-3.2.4\include\SDL3\SDL_opengl_glext.h">
      <Filter>Header Files</Filter>
    </ClInclude>
    <ClInclude Include="libraries\SDL3-3.2.4\include\SDL3\SDL_opengles.h">
      <Filter>Header Files</Filter>
    </ClInclude>
    <ClInclude Include="libraries\SDL3-3.2.4\include\SDL3\SDL_opengles2.h">
      <Filter>Header Files</Filter>
    </ClInclude>
    <ClInclude Include="libraries\SDL3-3.2.4\include\SDL3\SDL_opengles2_gl2.h">
      <Filter>Header Files</Filter>
    </ClInclude>
    <ClInclude Include="libraries\SDL3-3.2.4\include\SDL3\SDL_opengles2_gl2ext.h">
      <Filter>Header Files</Filter>
    </ClInclude>
    <ClInclude Include="libraries\SDL3-3.2.4\include\SDL3\SDL_opengles2_gl2platform.h">
      <Filter>Header Files</Filter>
    </ClInclude>
    <ClInclude Include="libraries\SDL3-3.2.4\include\SDL3\SDL_opengles2_khrplatform.h">
      <Filter>Header Files</Filter>
    </ClInclude>
    <ClInclude Include="libraries\SDL3-3.2.4\include\SDL3\SDL_pen.h">
      <Filter>Header Files</Filter>
    </ClInclude>
    <ClInclude Include="libraries\SDL3-3.2.4\include\SDL3\SDL_pixels.h">
      <Filter>Header Files</Filter>
    </ClInclude>
    <ClInclude Include="libraries\SDL3-3.2.4\include\SDL3\SDL_platform.h">
      <Filter>Header Files</Filter>
    </ClInclude>
    <ClInclude Include="libraries\SDL3-3.2.4\include\SDL3\SDL_platform_defines.h">
      <Filter>Header Files</Filter>
    </ClInclude>
    <ClInclude Include="libraries\SDL3-3.2.4\include\SDL3\SDL_power.h">
      <Filter>Header Files</Filter>
    </ClInclude>
    <ClInclude Include="libraries\SDL3-3.2.4\include\SDL3\SDL_process.h">
      <Filter>Header Files</Filter>
    </ClInclude>
    <ClInclude Include="libraries\SDL3-3.2.4\include\SDL3\SDL_properties.h">
      <Filter>Header Files</Filter>
    </ClInclude>
    <ClInclude Include="libraries\SDL3-3.2.4\include\SDL3\SDL_rect.h">
      <Filter>Header Files</Filter>
    </ClInclude>
    <ClInclude Include="libraries\SDL3-3.2.4\include\SDL3\SDL_render.h">
      <Filter>Header Files</Filter>
    </ClInclude>
    <ClInclude Include="libraries\SDL3-3.2.4\include\SDL3\SDL_revision.h">
      <Filter>Header Files</Filter>
    </ClInclude>
    <ClInclude Include="libraries\SDL3-3.2.4\include\SDL3\SDL_scancode.h">
      <Filter>Header Files</Filter>
    </ClInclude>
    <ClInclude Include="libraries\SDL3-3.2.4\include\SDL3\SDL_sensor.h">
      <Filter>Header Files</Filter>
    </ClInclude>
    <ClInclude Include="libraries\SDL3-3.2.4\include\SDL3\SDL_stdinc.h">
      <Filter>Header Files</Filter>
    </ClInclude>
    <ClInclude Include="libraries\SDL3-3.2.4\include\SDL3\SDL_storage.h">
      <Filter>Header Files</Filter>
    </ClInclude>
    <ClInclude Include="libraries\SDL3-3.2.4\include\SDL3\SDL_surface.h">
      <Filter>Header Files</Filter>
    </ClInclude>
    <ClInclude Include="libraries\SDL3-3.2.4\include\SDL3\SDL_system.h">
      <Filter>Header Files</Filter>
    </ClInclude>
    <ClInclude Include="libraries\SDL3-3.2.4\include\SDL3\SDL_test.h">
      <Filter>Header Files</Filter>
    </ClInclude>
    <ClInclude Include="libraries\SDL3-3.2.4\include\SDL3\SDL_test_assert.h">
      <Filter>Header Files</Filter>
    </ClInclude>
    <ClInclude Include="libraries\SDL3-3.2.4\include\SDL3\SDL_test_common.h">
      <Filter>Header Files</Filter>
    </ClInclude>
    <ClInclude Include="libraries\SDL3-3.2.4\include\SDL3\SDL_test_compare.h">
      <Filter>Header Files</Filter>
    </ClInclude>
    <ClInclude Include="libraries\SDL3-3.2.4\include\SDL3\SDL_test_crc32.h">
      <Filter>Header Files</Filter>
    </ClInclude>
    <ClInclude Include="libraries\SDL3-3.2.4\include\SDL3\SDL_test_font.h">
      <Filter>Header Files</Filter>
    </ClInclude>
    <ClInclude Include="libraries\SDL3-3.2.4\include\SDL3\SDL_test_fuzzer.h">
      <Filter>Header Files</Filter>
    </ClInclude>
    <ClInclude Include="libraries\SDL3-3.2.4\include\SDL3\SDL_test_harness.h">
      <Filter>Header Files</Filter>
    </ClInclude>
    <ClInclude Include="libraries\SDL3-3.2.4\include\SDL3\SDL_test_log.h">
      <Filter>Header Files</Filter>
    </ClInclude>
    <ClInclude Include="libraries\SDL3-3.2.4\include\SDL3\SDL_test_md5.h">
      <Filter>Header Files</Filter>
    </ClInclude>
    <ClInclude Include="libraries\SDL3-3.2.4\include\SDL3\SDL_test_memory.h">
      <Filter>Header Files</Filter>
    </ClInclude>
    <ClInclude Include="libraries\SDL3-3.2.4\include\SDL3\SDL_thread.h">
      <Filter>Header Files</Filter>
    </ClInclude>
    <ClInclude Include="libraries\SDL3-3.2.4\include\SDL3\SDL_time.h">
      <Filter>Header Files</Filter>
    </ClInclude>
    <ClInclude Include="libraries\SDL3-3.2.4\include\SDL3\SDL_timer.h">
      <Filter>Header Files</Filter>
    </ClInclude>
    <ClInclude Include="libraries\SDL3-3.2.4\include\SDL3\SDL_touch.h">
      <Filter>Header Files</Filter>
    </ClInclude>
    <ClInclude Include="libraries\SDL3-3.2.4\include\SDL3\SDL_tray.h">
      <Filter>Header Files</Filter>
    </ClInclude>
    <ClInclude Include="libraries\SDL3-3.2.4\include\SDL3\SDL_version.h">
      <Filter>Header Files</Filter>
    </ClInclude>
    <ClInclude Include="libraries\SDL3-3.2.4\include\SDL3\SDL_video.h">
      <Filter>Header Files</Filter>
    </ClInclude>
    <ClInclude Include="libraries\SDL3-3.2.4\include\SDL3\SDL_vulkan.h">
      <Filter>Header Files</Filter>
    </ClInclude>
    <ClInclude Include="libraries\SDL3-3.2.4\include\SDL3_image\SDL_image.h">
      <Filter>Header Files</Filter>
    </ClInclude>
    <ClInclude Include="libraries\SDL3-3.2.4\include\SDL3_ttf\SDL_ttf.h">
      <Filter>Header Files</Filter>
    </ClInclude>
    <ClInclude Include="Math\FVector2.h">
      <Filter>Header Files</Filter>
    </ClInclude>
    <ClInclude Include="Actors\ComponentFactory.h">
      <Filter>Header Files</Filter>
    </ClInclude>
    <ClInclude Include="System\SimpleTimingSystem.h">
      <Filter>Header Files</Filter>
    </ClInclude>
    <ClInclude Include="System\MessageManager.h">
      <Filter>Header Files</Filter>
    </ClInclude>
    <ClInclude Include="Actors\Collision\CollisionManager.h">
      <Filter>Header Files</Filter>
    </ClInclude>
    <ClInclude Include="Actors\Collision\AABBColliderComponent.h">
      <Filter>Header Files</Filter>
    </ClInclude>
    <ClInclude Include="Actors\Collision\BoundingBox.h">
      <Filter>Header Files</Filter>
    </ClInclude>
    <ClInclude Include="Actors\EngineComponents\MovementBlocker.h">
      <Filter>Header Files</Filter>
    </ClInclude>
    <ClInclude Include="Resources\ResourceManager.h">
      <Filter>Header Files</Filter>
    </ClInclude>
    <ClInclude Include="Resources\XML\XMLFactory.h">
      <Filter>Header Files</Filter>
    </ClInclude>
    <ClInclude Include="Resources\XML\BlackBoxXMLParser.h">
      <Filter>Header Files</Filter>
    </ClInclude>
    <ClInclude Include="Resources\XML\tinyxml2.h">
      <Filter>Header Files</Filter>
    </ClInclude>
    <ClInclude Include="Actors\EngineComponents\MoverComponent.h">
      <Filter>Header Files</Filter>
    </ClInclude>
    <ClInclude Include="System\Debugging.h">
      <Filter>Header Files</Filter>
    </ClInclude>
    <ClInclude Include="Actors\Collision\ColliderBorder.h">
      <Filter>Header Files</Filter>
    </ClInclude>
    <ClInclude Include="Resources\ScriptResources\ScriptFactory.h">
      <Filter>Header Files</Filter>
    </ClInclude>
    <ClInclude Include="Resources\ScriptResources\LuaScript.h">
      <Filter>Header Files</Filter>
    </ClInclude>
    <ClInclude Include="Resources\ScriptResources\PythonScript.h">
      <Filter>Header Files</Filter>
    </ClInclude>
    <ClInclude Include="Actors\EngineComponents\LuaScriptComponent.h">
      <Filter>Header Files</Filter>
    </ClInclude>
    <ClInclude Include="Graphics\Text Rendering\TextRenderer.h">
      <Filter>Header Files</Filter>
    </ClInclude>
    <ClInclude Include="Scripting\LuaController.h">
      <Filter>Header Files</Filter>
    </ClInclude>
    <ClInclude Include="Resources\TextFactory.h">
      <Filter>Header Files</Filter>
    </ClInclude>
    <ClInclude Include="Graphics\Text Rendering\Font.h">
      <Filter>Header Files</Filter>
    </ClInclude>
    <ClInclude Include="Graphics\Text Rendering\Text.h">
      <Filter>Header Files</Filter>
    </ClInclude>
    <ClInclude Include="Actors\EngineComponents\SimpleTextComponent.h">
      <Filter>Header Files</Filter>
    </ClInclude>
    <ClInclude Include="Audio\AudioManager.h">
      <Filter>Header Files</Filter>
    </ClInclude>
    <ClInclude Include="Graphics\Camera.h">
      <Filter>Header Files</Filter>
    </ClInclude>
    <ClInclude Include="Actors\EngineComponents\PlayerCameraComponent.h">
      <Filter>Header Files</Filter>
    </ClInclude>
    <ClInclude Include="Math\RandomEngines.h">
      <Filter>Header Files</Filter>
    </ClInclude>
    <ClInclude Include="System\Delay.h">
      <Filter>Header Files</Filter>
    </ClInclude>
    <ClInclude Include="Interface\UserInterface.h">
      <Filter>Header Files</Filter>
    </ClInclude>
    <ClInclude Include="Interface\InterfaceButton.h">
      <Filter>Header Files</Filter>
    </ClInclude>
    <ClInclude Include="Interface\InterfaceText.h">
      <Filter>Header Files</Filter>
    </ClInclude>
    <ClInclude Include="Interface\InterfaceTexture.h">
      <Filter>Header Files</Filter>
    </ClInclude>
    <ClInclude Include="System\Direction.h">
      <Filter>Header Files</Filter>
    </ClInclude>
    <ClInclude Include="Interface\InterfaceManger.h">
      <Filter>Header Files</Filter>
    </ClInclude>
    <ClInclude Include="libraries\Lua-4.5.7\src\lapi.h">
      <Filter>Header Files</Filter>
    </ClInclude>
    <ClInclude Include="libraries\Lua-4.5.7\src\lauxlib.h">
      <Filter>Header Files</Filter>
    </ClInclude>
    <ClInclude Include="libraries\Lua-4.5.7\src\lcode.h">
      <Filter>Header Files</Filter>
    </ClInclude>
    <ClInclude Include="libraries\Lua-4.5.7\src\lctype.h">
      <Filter>Header Files</Filter>
    </ClInclude>
    <ClInclude Include="libraries\Lua-4.5.7\src\ldebug.h">
      <Filter>Header Files</Filter>
    </ClInclude>
    <ClInclude Include="libraries\Lua-4.5.7\src\ldo.h">
      <Filter>Header Files</Filter>
    </ClInclude>
    <ClInclude Include="libraries\Lua-4.5.7\src\lfunc.h">
      <Filter>Header Files</Filter>
    </ClInclude>
    <ClInclude Include="libraries\Lua-4.5.7\src\lgc.h">
      <Filter>Header Files</Filter>
    </ClInclude>
    <ClInclude Include="libraries\Lua-4.5.7\src\ljumptab.h">
      <Filter>Header Files</Filter>
    </ClInclude>
    <ClInclude Include="libraries\Lua-4.5.7\src\llex.h">
      <Filter>Header Files</Filter>
    </ClInclude>
    <ClInclude Include="libraries\Lua-4.5.7\src\llimits.h">
      <Filter>Header Files</Filter>
    </ClInclude>
    <ClInclude Include="libraries\Lua-4.5.7\src\lmem.h">
      <Filter>Header Files</Filter>
    </ClInclude>
    <ClInclude Include="libraries\Lua-4.5.7\src\lobject.h">
      <Filter>Header Files</Filter>
    </ClInclude>
    <ClInclude Include="libraries\Lua-4.5.7\src\lopcodes.h">
      <Filter>Header Files</Filter>
    </ClInclude>
    <ClInclude Include="libraries\Lua-4.5.7\src\lopnames.h">
      <Filter>Header Files</Filter>
    </ClInclude>
    <ClInclude Include="libraries\Lua-4.5.7\src\lparser.h">
      <Filter>Header Files</Filter>
    </ClInclude>
    <ClInclude Include="libraries\Lua-4.5.7\src\lprefix.h">
      <Filter>Header Files</Filter>
    </ClInclude>
    <ClInclude Include="libraries\Lua-4.5.7\src\lstate.h">
      <Filter>Header Files</Filter>
    </ClInclude>
    <ClInclude Include="libraries\Lua-4.5.7\src\lstring.h">
      <Filter>Header Files</Filter>
    </ClInclude>
    <ClInclude Include="libraries\Lua-4.5.7\src\ltable.h">
      <Filter>Header Files</Filter>
    </ClInclude>
    <ClInclude Include="libraries\Lua-4.5.7\src\ltm.h">
      <Filter>Header Files</Filter>
    </ClInclude>
    <ClInclude Include="libraries\Lua-4.5.7\src\lua.h">
      <Filter>Header Files</Filter>
    </ClInclude>
    <ClInclude Include="libraries\Lua-4.5.7\src\lua.hpp">
      <Filter>Header Files</Filter>
    </ClInclude>
    <ClInclude Include="libraries\Lua-4.5.7\src\luaconf.h">
      <Filter>Header Files</Filter>
    </ClInclude>
    <ClInclude Include="libraries\Lua-4.5.7\src\lualib.h">
      <Filter>Header Files</Filter>
    </ClInclude>
    <ClInclude Include="libraries\Lua-4.5.7\src\lundump.h">
      <Filter>Header Files</Filter>
    </ClInclude>
    <ClInclude Include="libraries\Lua-4.5.7\src\lvm.h">
      <Filter>Header Files</Filter>
    </ClInclude>
    <ClInclude Include="libraries\Lua-4.5.7\src\lzio.h">
      <Filter>Header Files</Filter>
    </ClInclude>
    <ClInclude Include="Graphics\Sprite.h">
      <Filter>Header Files</Filter>
    </ClInclude>
    <ClInclude Include="Graphics\ScreenFader.h">
      <Filter>Header Files</Filter>
    </ClInclude>
    <ClInclude Include="Math\Noise\NoiseGenerator.h">
      <Filter>Header Files</Filter>
    </ClInclude>
    <ClInclude Include="Math\Noise\OpenSimplex.h">
      <Filter>Header Files</Filter>
    </ClInclude>
    <ClInclude Include="Math\Noise\PerlinNoise.h">
      <Filter>Header Files</Filter>
    </ClInclude>
    <ClInclude Include="Math\Noise\SmoothStep.h">
      <Filter>Header Files</Filter>
    </ClInclude>
    <ClInclude Include="Math\Noise\SquirrelNoise5.h">
      <Filter>Header Files</Filter>
    </ClInclude>
    <ClInclude Include="Math\Noise\ValueNoise.h">
      <Filter>Header Files</Filter>
    </ClInclude>
    <ClInclude Include="Audio\AudioPlayerComponent.h">
      <Filter>Header Files</Filter>
    </ClInclude>
  </ItemGroup>
  <ItemGroup>
    <Text Include="Interface\InterfaceGoal.txt" />
  </ItemGroup>
  <ItemGroup>
    <None Include="libraries\Lua-4.5.7\src\Makefile" />
  </ItemGroup>
</Project>