<?xml version="1.0" encoding="utf-8"?>
<Project ToolsVersion="4.0" xmlns="http://schemas.microsoft.com/developer/msbuild/2003">
  <ItemGroup>
    <ClCompile Include="BlackBoxGame.cpp" />
    <ClCompile Include="main.cpp" />
    <ClCompile Include="ExampleComponent.cpp" />
    <ClCompile Include="GameComponentRegistrar.cpp" />
    <ClCompile Include="TileSystem\TileMapComponent.cpp" />
    <ClCompile Include="ScreenCentered.cpp" />
    <ClCompile Include="TileSystem\TileActorManager.cpp" />
    <ClCompile Include="TileSystem\TileInfoComponent.cpp" />
    <ClCompile Include="PlayerMovementComponent.cpp" />
    <ClCompile Include="InteractionComponent.cpp" />
    <ClCompile Include="StairComponent.cpp" />
    <ClCompile Include="TalkComponent.cpp" />
    <ClCompile Include="TakeComponent.cpp" />
    <ClCompile Include="TileSystem\EncounterHandler.cpp" />
    <ClCompile Include="EnemyComponent.cpp" />
  </ItemGroup>
  <ItemGroup>
    <ClInclude Include="BlackBoxGame.h" />
    <ClInclude Include="ExampleComponent.h" />
    <ClInclude Include="TileSystem\TileMapComponent.h" />
    <ClInclude Include="ScreenCentered.h" />
    <ClInclude Include="TileSystem\TileInfoComponent.h" />
    <ClInclude Include="TileSystem\TileActorManager.h" />
    <ClInclude Include="PlayerMovementComponent.h" />
    <ClInclude Include="InteractionComponent.h" />
    <ClInclude Include="StairComponent.h" />
    <ClInclude Include="TalkComponent.h" />
    <ClInclude Include="TakeComponent.h" />
    <ClInclude Include="TileSystem\EncounterHandler.h" />
    <ClInclude Include="TileSystem\EncounterComponent.h" />
    <ClInclude Include="EnemyComponent.h" />
  </ItemGroup>
</Project>